
Microsoft Visual Studio Solution File, Format Version 12.00
# Visual Studio Version 16
VisualStudioVersion = 16.0.33529.622
MinimumVisualStudioVersion = 10.0.40219.1
Project("{FAE04EC0-301F-11D3-BF4B-00C04F79EFBC}") = "IQuittableFnAssignment", "IQuittableFnAssignment\IQuittableFnAssignment.csproj", "{90A30C2F-530A-4570-BA3F-F01CA602AEDA}"
EndProject
Global
	GlobalSection(SolutionConfigurationPlatforms) = preSolution
		Debug|Any CPU = Debug|Any CPU
		Release|Any CPU = Release|Any CPU
	EndGlobalSection
	GlobalSection(ProjectConfigurationPlatforms) = postSolution
		{90A30C2F-530A-4570-BA3F-F01CA602AEDA}.Debug|Any CPU.ActiveCfg = Debug|Any CPU
		{90A30C2F-530A-4570-BA3F-F01CA602AEDA}.Debug|Any CPU.Build.0 = Debug|Any CPU
		{90A30C2F-530A-4570-BA3F-F01CA602AEDA}.Release|Any CPU.ActiveCfg = Release|Any CPU
		{90A30C2F-530A-4570-BA3F-F01CA602AEDA}.Release|Any CPU.Build.0 = Release|Any CPU
	EndGlobalSection
	GlobalSection(SolutionProperties) = preSolution
		HideSolutionNode = FALSE
	EndGlobalSection
	GlobalSection(ExtensibilityGlobals) = postSolution
		SolutionGuid = {D46DCF57-9D15-4428-91DA-8DF0FFCA1C02}
	EndGlobalSection
EndGlobal
